<?xml version="1.0" encoding="UTF-8"?>
<CONFIG>
  <ProjectOptions>
    <Version Value="11"/>
    <PathDelim Value="\"/>
    <General>
      <Flags>
        <MainUnitHasCreateFormStatements Value="False"/>
        <MainUnitHasTitleStatement Value="False"/>
      </Flags>
      <SessionStorage Value="InProjectDir"/>
      <MainUnit Value="0"/>
      <Title Value="hashbenchmark"/>
      <UseAppBundle Value="False"/>
      <ResourceType Value="res"/>
    </General>
    <BuildModes Count="1">
      <Item1 Name="default" Default="True"/>
    </BuildModes>
    <PublishOptions>
      <Version Value="2"/>
    </PublishOptions>
    <RunParams>
      <local>
        <CommandLineParams Value="--mode=multi-run"/>
      </local>
      <FormatVersion Value="2"/>
      <Modes Count="1">
        <Mode0 Name="default">
          <local>
            <CommandLineParams Value="--mode=multi-run"/>
          </local>
        </Mode0>
      </Modes>
    </RunParams>
    <RequiredPackages Count="1">
      <Item1>
        <PackageName Value="LCLBase"/>
      </Item1>
    </RequiredPackages>
    <Units Count="2">
      <Unit0>
        <Filename Value="hashbenchmark.lpr"/>
        <IsPartOfProject Value="True"/>
      </Unit0>
      <Unit1>
        <Filename Value="custommap.pas"/>
        <IsPartOfProject Value="True"/>
      </Unit1>
    </Units>
  </ProjectOptions>
  <CompilerOptions>
    <Version Value="11"/>
    <PathDelim Value="\"/>
    <SearchPaths>
      <IncludeFiles Value="$(ProjOutDir)"/>
      <OtherUnitFiles Value="\home\benito\hg\components\pascal\data\;\home\benito\hg\programs\contests\euler\;\home\benito\hg\components\pascal\internet\;\home\benito\hg\components\lazarus\dialogs\;\home\benito\hg\components\pascal\system\;..\..\..\components\pascal\import\gcontnrs;..\..\..\..\components\pascal\import\pasmp\src;..\..\..\..\components\pascal\import\barrykellyhash;..\..\..\..\components\pascal\import\CL4L\Library;..\..\..\..\components\pascal\import\fundamentals5\Source\Utils;..\..\..\..\components\pascal\import\lightcontainers;..\..\..\..\components\pascal\import\decal;..\..\..\..\components\pascal\import\JuhaStuff\StrHashMap;..\..\..\..\components\pascal\import\Containers;..\..\..\..\components\pascal\import\PascalContainer;..\..\..\..\components\pascal\import\LGenerics\lgenerics"/>
      <SrcPath Value="\home\benito\hg\components\pascal\import\synapse\;..\..\import\synapse"/>
    </SearchPaths>
    <CodeGeneration>
      <Optimizations>
        <OptimizationLevel Value="3"/>
      </Optimizations>
    </CodeGeneration>
  </CompilerOptions>
  <Debugging>
    <Exceptions Count="3">
      <Item1>
        <Name Value="EAbort"/>
      </Item1>
      <Item2>
        <Name Value="ECodetoolError"/>
      </Item2>
      <Item3>
        <Name Value="EFOpenError"/>
      </Item3>
    </Exceptions>
  </Debugging>
</CONFIG>
